// !$*UTF8*$!
{
	archiveVersion = 1;
	classes = {
	};
	objectVersion = 56;
	objects = {

/* Begin PBXBuildFile section */
		040830FA2BE4B02B00663028 /* KisahLokaApp.swift in Sources */ = {isa = PBXBuildFile; fileRef = 040830F92BE4B02B00663028 /* KisahLokaApp.swift */; };
		040830FC2BE4B02B00663028 /* ContentView.swift in Sources */ = {isa = PBXBuildFile; fileRef = 040830FB2BE4B02B00663028 /* ContentView.swift */; };
		040830FE2BE4B02C00663028 /* Assets.xcassets in Resources */ = {isa = PBXBuildFile; fileRef = 040830FD2BE4B02C00663028 /* Assets.xcassets */; };
		040831012BE4B02C00663028 /* Preview Assets.xcassets in Resources */ = {isa = PBXBuildFile; fileRef = 040831002BE4B02C00663028 /* Preview Assets.xcassets */; };
		0408310B2BE4B02D00663028 /* KisahLokaTests.swift in Sources */ = {isa = PBXBuildFile; fileRef = 0408310A2BE4B02D00663028 /* KisahLokaTests.swift */; };
		040831152BE4B02D00663028 /* KisahLokaUITests.swift in Sources */ = {isa = PBXBuildFile; fileRef = 040831142BE4B02D00663028 /* KisahLokaUITests.swift */; };
		040831172BE4B02D00663028 /* KisahLokaUITestsLaunchTests.swift in Sources */ = {isa = PBXBuildFile; fileRef = 040831162BE4B02D00663028 /* KisahLokaUITestsLaunchTests.swift */; };
		040831282BE4BC8200663028 /* Color.swift in Sources */ = {isa = PBXBuildFile; fileRef = 040831272BE4BC8200663028 /* Color.swift */; };
		040831302BE4C25900663028 /* Poppins-ExtraBold.ttf in Resources */ = {isa = PBXBuildFile; fileRef = 0408312A2BE4C25900663028 /* Poppins-ExtraBold.ttf */; };
		040831312BE4C25900663028 /* Poppins-Medium.ttf in Resources */ = {isa = PBXBuildFile; fileRef = 0408312B2BE4C25900663028 /* Poppins-Medium.ttf */; };
		040831322BE4C25900663028 /* Poppins-Bold.ttf in Resources */ = {isa = PBXBuildFile; fileRef = 0408312C2BE4C25900663028 /* Poppins-Bold.ttf */; };
		040831332BE4C25900663028 /* Poppins-Light.ttf in Resources */ = {isa = PBXBuildFile; fileRef = 0408312D2BE4C25900663028 /* Poppins-Light.ttf */; };
		040831342BE4C25900663028 /* Poppins-Regular.ttf in Resources */ = {isa = PBXBuildFile; fileRef = 0408312E2BE4C25900663028 /* Poppins-Regular.ttf */; };
		040831352BE4C25900663028 /* Poppins-SemiBold.ttf in Resources */ = {isa = PBXBuildFile; fileRef = 0408312F2BE4C25900663028 /* Poppins-SemiBold.ttf */; };
		0408313E2BE4C7C100663028 /* HomePageView.swift in Sources */ = {isa = PBXBuildFile; fileRef = 0408313D2BE4C7C100663028 /* HomePageView.swift */; };
		040831432BE4C7F800663028 /* BookmarkPageView.swift in Sources */ = {isa = PBXBuildFile; fileRef = 040831422BE4C7F800663028 /* BookmarkPageView.swift */; };
		040831452BE4C80C00663028 /* ProfilePageView.swift in Sources */ = {isa = PBXBuildFile; fileRef = 040831442BE4C80C00663028 /* ProfilePageView.swift */; };
		040831482BE4CB3500663028 /* CustomTabBar.swift in Sources */ = {isa = PBXBuildFile; fileRef = 040831472BE4CB3500663028 /* CustomTabBar.swift */; };
		0408314A2BE4E85900663028 /* TabBarButton.swift in Sources */ = {isa = PBXBuildFile; fileRef = 040831492BE4E85900663028 /* TabBarButton.swift */; };
		0408314C2BE5F2CB00663028 /* TextStyles.swift in Sources */ = {isa = PBXBuildFile; fileRef = 0408314B2BE5F2CB00663028 /* TextStyles.swift */; };
		0408315D2BE8D52E00663028 /* Story.swift in Sources */ = {isa = PBXBuildFile; fileRef = 0408315C2BE8D52E00663028 /* Story.swift */; };
		0408315F2BE8D95F00663028 /* HomePageViewModel.swift in Sources */ = {isa = PBXBuildFile; fileRef = 0408315E2BE8D95F00663028 /* HomePageViewModel.swift */; };
		040831622BE8E63D00663028 /* DiscoverNewLocalStories.swift in Sources */ = {isa = PBXBuildFile; fileRef = 040831612BE8E63D00663028 /* DiscoverNewLocalStories.swift */; };
		040831642BE8E79800663028 /* FavoriteStories.swift in Sources */ = {isa = PBXBuildFile; fileRef = 040831632BE8E79800663028 /* FavoriteStories.swift */; };
		040831662BEE035800663028 /* GoogleService-Info.plist in Resources */ = {isa = PBXBuildFile; fileRef = 040831652BEE035700663028 /* GoogleService-Info.plist */; };
		040831692BEE047F00663028 /* FirebaseAnalytics in Frameworks */ = {isa = PBXBuildFile; productRef = 040831682BEE047F00663028 /* FirebaseAnalytics */; };
		0408316B2BEE047F00663028 /* FirebaseAuth in Frameworks */ = {isa = PBXBuildFile; productRef = 0408316A2BEE047F00663028 /* FirebaseAuth */; };
		0408316D2BEE047F00663028 /* FirebaseCrashlytics in Frameworks */ = {isa = PBXBuildFile; productRef = 0408316C2BEE047F00663028 /* FirebaseCrashlytics */; };
		0408316F2BEE047F00663028 /* FirebaseDynamicLinks in Frameworks */ = {isa = PBXBuildFile; productRef = 0408316E2BEE047F00663028 /* FirebaseDynamicLinks */; };
		040831712BEE047F00663028 /* FirebaseFirestore in Frameworks */ = {isa = PBXBuildFile; productRef = 040831702BEE047F00663028 /* FirebaseFirestore */; };
		040831732BEE047F00663028 /* FirebaseMessaging in Frameworks */ = {isa = PBXBuildFile; productRef = 040831722BEE047F00663028 /* FirebaseMessaging */; };
		040831752BEE047F00663028 /* FirebaseStorage in Frameworks */ = {isa = PBXBuildFile; productRef = 040831742BEE047F00663028 /* FirebaseStorage */; };
		0408317D2BEF264300663028 /* Endpoint.swift in Sources */ = {isa = PBXBuildFile; fileRef = 0408317C2BEF264300663028 /* Endpoint.swift */; };
		0408317F2BEF2A0E00663028 /* Response.swift in Sources */ = {isa = PBXBuildFile; fileRef = 0408317E2BEF2A0E00663028 /* Response.swift */; };
		040831832BEF2A8300663028 /* Meta.swift in Sources */ = {isa = PBXBuildFile; fileRef = 040831822BEF2A8300663028 /* Meta.swift */; };
		040831852BEF2BC500663028 /* URLSession.swift in Sources */ = {isa = PBXBuildFile; fileRef = 040831842BEF2BC500663028 /* URLSession.swift */; };
		040831872BEF2C9C00663028 /* Interceptor.swift in Sources */ = {isa = PBXBuildFile; fileRef = 040831862BEF2C9C00663028 /* Interceptor.swift */; };
		040831892BEF2DEB00663028 /* Type.swift in Sources */ = {isa = PBXBuildFile; fileRef = 040831882BEF2DEB00663028 /* Type.swift */; };
		0408318B2BEF592B00663028 /* Home.swift in Sources */ = {isa = PBXBuildFile; fileRef = 0408318A2BEF592B00663028 /* Home.swift */; };
		040831902BF0AA0100663028 /* ExplorePageView.swift in Sources */ = {isa = PBXBuildFile; fileRef = 0408318F2BF0AA0100663028 /* ExplorePageView.swift */; };
		040831922BF0AB5100663028 /* ExplorePageViewModel.swift in Sources */ = {isa = PBXBuildFile; fileRef = 040831912BF0AB5100663028 /* ExplorePageViewModel.swift */; };
		040831942BF0AD9600663028 /* Explore.swift in Sources */ = {isa = PBXBuildFile; fileRef = 040831932BF0AD9600663028 /* Explore.swift */; };
		040831972BF0AEF100663028 /* ExploreStoriesGrid.swift in Sources */ = {isa = PBXBuildFile; fileRef = 040831962BF0AEF100663028 /* ExploreStoriesGrid.swift */; };
		0408319B2BF0B3C600663028 /* DetailPageView.swift in Sources */ = {isa = PBXBuildFile; fileRef = 0408319A2BF0B3C600663028 /* DetailPageView.swift */; };
		0408319D2BF0B86000663028 /* DetailPageViewModel.swift in Sources */ = {isa = PBXBuildFile; fileRef = 0408319C2BF0B85F00663028 /* DetailPageViewModel.swift */; };
/* End PBXBuildFile section */

/* Begin PBXContainerItemProxy section */
		040831072BE4B02D00663028 /* PBXContainerItemProxy */ = {
			isa = PBXContainerItemProxy;
			containerPortal = 040830EE2BE4B02B00663028 /* Project object */;
			proxyType = 1;
			remoteGlobalIDString = 040830F52BE4B02B00663028;
			remoteInfo = KisahLoka;
		};
		040831112BE4B02D00663028 /* PBXContainerItemProxy */ = {
			isa = PBXContainerItemProxy;
			containerPortal = 040830EE2BE4B02B00663028 /* Project object */;
			proxyType = 1;
			remoteGlobalIDString = 040830F52BE4B02B00663028;
			remoteInfo = KisahLoka;
		};
/* End PBXContainerItemProxy section */

/* Begin PBXFileReference section */
		040830F62BE4B02B00663028 /* KisahLoka.app */ = {isa = PBXFileReference; explicitFileType = wrapper.application; includeInIndex = 0; path = KisahLoka.app; sourceTree = BUILT_PRODUCTS_DIR; };
		040830F92BE4B02B00663028 /* KisahLokaApp.swift */ = {isa = PBXFileReference; lastKnownFileType = sourcecode.swift; path = KisahLokaApp.swift; sourceTree = "<group>"; };
		040830FB2BE4B02B00663028 /* ContentView.swift */ = {isa = PBXFileReference; lastKnownFileType = sourcecode.swift; path = ContentView.swift; sourceTree = "<group>"; };
		040830FD2BE4B02C00663028 /* Assets.xcassets */ = {isa = PBXFileReference; lastKnownFileType = folder.assetcatalog; path = Assets.xcassets; sourceTree = "<group>"; };
		040831002BE4B02C00663028 /* Preview Assets.xcassets */ = {isa = PBXFileReference; lastKnownFileType = folder.assetcatalog; path = "Preview Assets.xcassets"; sourceTree = "<group>"; };
		040831062BE4B02D00663028 /* KisahLokaTests.xctest */ = {isa = PBXFileReference; explicitFileType = wrapper.cfbundle; includeInIndex = 0; path = KisahLokaTests.xctest; sourceTree = BUILT_PRODUCTS_DIR; };
		0408310A2BE4B02D00663028 /* KisahLokaTests.swift */ = {isa = PBXFileReference; lastKnownFileType = sourcecode.swift; path = KisahLokaTests.swift; sourceTree = "<group>"; };
		040831102BE4B02D00663028 /* KisahLokaUITests.xctest */ = {isa = PBXFileReference; explicitFileType = wrapper.cfbundle; includeInIndex = 0; path = KisahLokaUITests.xctest; sourceTree = BUILT_PRODUCTS_DIR; };
		040831142BE4B02D00663028 /* KisahLokaUITests.swift */ = {isa = PBXFileReference; lastKnownFileType = sourcecode.swift; path = KisahLokaUITests.swift; sourceTree = "<group>"; };
		040831162BE4B02D00663028 /* KisahLokaUITestsLaunchTests.swift */ = {isa = PBXFileReference; lastKnownFileType = sourcecode.swift; path = KisahLokaUITestsLaunchTests.swift; sourceTree = "<group>"; };
		040831272BE4BC8200663028 /* Color.swift */ = {isa = PBXFileReference; lastKnownFileType = sourcecode.swift; path = Color.swift; sourceTree = "<group>"; };
		0408312A2BE4C25900663028 /* Poppins-ExtraBold.ttf */ = {isa = PBXFileReference; lastKnownFileType = file; path = "Poppins-ExtraBold.ttf"; sourceTree = "<group>"; };
		0408312B2BE4C25900663028 /* Poppins-Medium.ttf */ = {isa = PBXFileReference; lastKnownFileType = file; path = "Poppins-Medium.ttf"; sourceTree = "<group>"; };
		0408312C2BE4C25900663028 /* Poppins-Bold.ttf */ = {isa = PBXFileReference; lastKnownFileType = file; path = "Poppins-Bold.ttf"; sourceTree = "<group>"; };
		0408312D2BE4C25900663028 /* Poppins-Light.ttf */ = {isa = PBXFileReference; lastKnownFileType = file; path = "Poppins-Light.ttf"; sourceTree = "<group>"; };
		0408312E2BE4C25900663028 /* Poppins-Regular.ttf */ = {isa = PBXFileReference; lastKnownFileType = file; path = "Poppins-Regular.ttf"; sourceTree = "<group>"; };
		0408312F2BE4C25900663028 /* Poppins-SemiBold.ttf */ = {isa = PBXFileReference; lastKnownFileType = file; path = "Poppins-SemiBold.ttf"; sourceTree = "<group>"; };
		040831362BE4C2E700663028 /* Info.plist */ = {isa = PBXFileReference; lastKnownFileType = text.plist; path = Info.plist; sourceTree = "<group>"; };
		0408313D2BE4C7C100663028 /* HomePageView.swift */ = {isa = PBXFileReference; lastKnownFileType = sourcecode.swift; path = HomePageView.swift; sourceTree = "<group>"; };
		040831422BE4C7F800663028 /* BookmarkPageView.swift */ = {isa = PBXFileReference; lastKnownFileType = sourcecode.swift; path = BookmarkPageView.swift; sourceTree = "<group>"; };
		040831442BE4C80C00663028 /* ProfilePageView.swift */ = {isa = PBXFileReference; lastKnownFileType = sourcecode.swift; path = ProfilePageView.swift; sourceTree = "<group>"; };
		040831472BE4CB3500663028 /* CustomTabBar.swift */ = {isa = PBXFileReference; lastKnownFileType = sourcecode.swift; path = CustomTabBar.swift; sourceTree = "<group>"; };
		040831492BE4E85900663028 /* TabBarButton.swift */ = {isa = PBXFileReference; lastKnownFileType = sourcecode.swift; path = TabBarButton.swift; sourceTree = "<group>"; };
		0408314B2BE5F2CB00663028 /* TextStyles.swift */ = {isa = PBXFileReference; lastKnownFileType = sourcecode.swift; path = TextStyles.swift; sourceTree = "<group>"; };
		0408315C2BE8D52E00663028 /* Story.swift */ = {isa = PBXFileReference; lastKnownFileType = sourcecode.swift; path = Story.swift; sourceTree = "<group>"; };
		0408315E2BE8D95F00663028 /* HomePageViewModel.swift */ = {isa = PBXFileReference; lastKnownFileType = sourcecode.swift; path = HomePageViewModel.swift; sourceTree = "<group>"; };
		040831612BE8E63D00663028 /* DiscoverNewLocalStories.swift */ = {isa = PBXFileReference; lastKnownFileType = sourcecode.swift; path = DiscoverNewLocalStories.swift; sourceTree = "<group>"; };
		040831632BE8E79800663028 /* FavoriteStories.swift */ = {isa = PBXFileReference; lastKnownFileType = sourcecode.swift; path = FavoriteStories.swift; sourceTree = "<group>"; };
		040831652BEE035700663028 /* GoogleService-Info.plist */ = {isa = PBXFileReference; fileEncoding = 4; lastKnownFileType = text.plist.xml; path = "GoogleService-Info.plist"; sourceTree = "<group>"; };
		0408317C2BEF264300663028 /* Endpoint.swift */ = {isa = PBXFileReference; lastKnownFileType = sourcecode.swift; path = Endpoint.swift; sourceTree = "<group>"; };
		0408317E2BEF2A0E00663028 /* Response.swift */ = {isa = PBXFileReference; lastKnownFileType = sourcecode.swift; path = Response.swift; sourceTree = "<group>"; };
		040831822BEF2A8300663028 /* Meta.swift */ = {isa = PBXFileReference; lastKnownFileType = sourcecode.swift; path = Meta.swift; sourceTree = "<group>"; };
		040831842BEF2BC500663028 /* URLSession.swift */ = {isa = PBXFileReference; lastKnownFileType = sourcecode.swift; path = URLSession.swift; sourceTree = "<group>"; };
		040831862BEF2C9C00663028 /* Interceptor.swift */ = {isa = PBXFileReference; lastKnownFileType = sourcecode.swift; path = Interceptor.swift; sourceTree = "<group>"; };
		040831882BEF2DEB00663028 /* Type.swift */ = {isa = PBXFileReference; lastKnownFileType = sourcecode.swift; path = Type.swift; sourceTree = "<group>"; };
		0408318A2BEF592B00663028 /* Home.swift */ = {isa = PBXFileReference; lastKnownFileType = sourcecode.swift; path = Home.swift; sourceTree = "<group>"; };
		0408318F2BF0AA0100663028 /* ExplorePageView.swift */ = {isa = PBXFileReference; lastKnownFileType = sourcecode.swift; path = ExplorePageView.swift; sourceTree = "<group>"; };
		040831912BF0AB5100663028 /* ExplorePageViewModel.swift */ = {isa = PBXFileReference; lastKnownFileType = sourcecode.swift; path = ExplorePageViewModel.swift; sourceTree = "<group>"; };
		040831932BF0AD9600663028 /* Explore.swift */ = {isa = PBXFileReference; lastKnownFileType = sourcecode.swift; path = Explore.swift; sourceTree = "<group>"; };
		040831962BF0AEF100663028 /* ExploreStoriesGrid.swift */ = {isa = PBXFileReference; lastKnownFileType = sourcecode.swift; path = ExploreStoriesGrid.swift; sourceTree = "<group>"; };
		0408319A2BF0B3C600663028 /* DetailPageView.swift */ = {isa = PBXFileReference; lastKnownFileType = sourcecode.swift; path = DetailPageView.swift; sourceTree = "<group>"; };
		0408319C2BF0B85F00663028 /* DetailPageViewModel.swift */ = {isa = PBXFileReference; lastKnownFileType = sourcecode.swift; path = DetailPageViewModel.swift; sourceTree = "<group>"; };
/* End PBXFileReference section */

/* Begin PBXFrameworksBuildPhase section */
		040830F32BE4B02B00663028 /* Frameworks */ = {
			isa = PBXFrameworksBuildPhase;
			buildActionMask = 2147483647;
			files = (
				040831732BEE047F00663028 /* FirebaseMessaging in Frameworks */,
				0408316D2BEE047F00663028 /* FirebaseCrashlytics in Frameworks */,
				040831692BEE047F00663028 /* FirebaseAnalytics in Frameworks */,
				0408316B2BEE047F00663028 /* FirebaseAuth in Frameworks */,
				040831752BEE047F00663028 /* FirebaseStorage in Frameworks */,
				040831712BEE047F00663028 /* FirebaseFirestore in Frameworks */,
				0408316F2BEE047F00663028 /* FirebaseDynamicLinks in Frameworks */,
			);
			runOnlyForDeploymentPostprocessing = 0;
		};
		040831032BE4B02D00663028 /* Frameworks */ = {
			isa = PBXFrameworksBuildPhase;
			buildActionMask = 2147483647;
			files = (
			);
			runOnlyForDeploymentPostprocessing = 0;
		};
		0408310D2BE4B02D00663028 /* Frameworks */ = {
			isa = PBXFrameworksBuildPhase;
			buildActionMask = 2147483647;
			files = (
			);
			runOnlyForDeploymentPostprocessing = 0;
		};
/* End PBXFrameworksBuildPhase section */

/* Begin PBXGroup section */
		040830ED2BE4B02B00663028 = {
			isa = PBXGroup;
			children = (
				040830F82BE4B02B00663028 /* KisahLoka */,
				040831092BE4B02D00663028 /* KisahLokaTests */,
				040831132BE4B02D00663028 /* KisahLokaUITests */,
				040830F72BE4B02B00663028 /* Products */,
			);
			sourceTree = "<group>";
		};
		040830F72BE4B02B00663028 /* Products */ = {
			isa = PBXGroup;
			children = (
				040830F62BE4B02B00663028 /* KisahLoka.app */,
				040831062BE4B02D00663028 /* KisahLokaTests.xctest */,
				040831102BE4B02D00663028 /* KisahLokaUITests.xctest */,
			);
			name = Products;
			sourceTree = "<group>";
		};
		040830F82BE4B02B00663028 /* KisahLoka */ = {
			isa = PBXGroup;
			children = (
				040831362BE4C2E700663028 /* Info.plist */,
				040831652BEE035700663028 /* GoogleService-Info.plist */,
				040830F92BE4B02B00663028 /* KisahLokaApp.swift */,
				040830FD2BE4B02C00663028 /* Assets.xcassets */,
				040830FF2BE4B02C00663028 /* Preview Content */,
				040831252BE4BC3600663028 /* Resources */,
				040831782BEF254800663028 /* Data */,
				040831242BE4BC1A00663028 /* Themes */,
				040831262BE4BC3E00663028 /* Model */,
				040831232BE4BC1300663028 /* Views */,
			);
			path = KisahLoka;
			sourceTree = "<group>";
		};
		040830FF2BE4B02C00663028 /* Preview Content */ = {
			isa = PBXGroup;
			children = (
				040831002BE4B02C00663028 /* Preview Assets.xcassets */,
			);
			path = "Preview Content";
			sourceTree = "<group>";
		};
		040831092BE4B02D00663028 /* KisahLokaTests */ = {
			isa = PBXGroup;
			children = (
				0408310A2BE4B02D00663028 /* KisahLokaTests.swift */,
			);
			path = KisahLokaTests;
			sourceTree = "<group>";
		};
		040831132BE4B02D00663028 /* KisahLokaUITests */ = {
			isa = PBXGroup;
			children = (
				040831142BE4B02D00663028 /* KisahLokaUITests.swift */,
				040831162BE4B02D00663028 /* KisahLokaUITestsLaunchTests.swift */,
			);
			path = KisahLokaUITests;
			sourceTree = "<group>";
		};
		040831232BE4BC1300663028 /* Views */ = {
			isa = PBXGroup;
			children = (
				040830FB2BE4B02B00663028 /* ContentView.swift */,
				040831372BE4C74400663028 /* Home */,
				0408318C2BF0A93600663028 /* Explore */,
				040831382BE4C74E00663028 /* Discover */,
				040831392BE4C75500663028 /* Bookmark */,
				0408313C2BE4C77C00663028 /* Profile */,
				040831982BF0B39300663028 /* Detail */,
				040831462BE4CB1B00663028 /* Helper */,
			);
			path = Views;
			sourceTree = "<group>";
		};
		040831242BE4BC1A00663028 /* Themes */ = {
			isa = PBXGroup;
			children = (
				040831272BE4BC8200663028 /* Color.swift */,
				0408314B2BE5F2CB00663028 /* TextStyles.swift */,
			);
			path = Themes;
			sourceTree = "<group>";
		};
		040831252BE4BC3600663028 /* Resources */ = {
			isa = PBXGroup;
			children = (
				040831292BE4C21B00663028 /* Fonts */,
			);
			path = Resources;
			sourceTree = "<group>";
		};
		040831262BE4BC3E00663028 /* Model */ = {
			isa = PBXGroup;
			children = (
				0408315C2BE8D52E00663028 /* Story.swift */,
				0408317E2BEF2A0E00663028 /* Response.swift */,
				040831822BEF2A8300663028 /* Meta.swift */,
				040831882BEF2DEB00663028 /* Type.swift */,
				0408318A2BEF592B00663028 /* Home.swift */,
				040831932BF0AD9600663028 /* Explore.swift */,
			);
			path = Model;
			sourceTree = "<group>";
		};
		040831292BE4C21B00663028 /* Fonts */ = {
			isa = PBXGroup;
			children = (
				0408312C2BE4C25900663028 /* Poppins-Bold.ttf */,
				0408312A2BE4C25900663028 /* Poppins-ExtraBold.ttf */,
				0408312D2BE4C25900663028 /* Poppins-Light.ttf */,
				0408312B2BE4C25900663028 /* Poppins-Medium.ttf */,
				0408312E2BE4C25900663028 /* Poppins-Regular.ttf */,
				0408312F2BE4C25900663028 /* Poppins-SemiBold.ttf */,
			);
			path = Fonts;
			sourceTree = "<group>";
		};
		040831372BE4C74400663028 /* Home */ = {
			isa = PBXGroup;
			children = (
				0408313D2BE4C7C100663028 /* HomePageView.swift */,
				0408315E2BE8D95F00663028 /* HomePageViewModel.swift */,
				040831602BE8E59100663028 /* Components */,
			);
			path = Home;
			sourceTree = "<group>";
		};
		040831382BE4C74E00663028 /* Discover */ = {
			isa = PBXGroup;
			children = (
			);
			path = Discover;
			sourceTree = "<group>";
		};
		040831392BE4C75500663028 /* Bookmark */ = {
			isa = PBXGroup;
			children = (
				040831422BE4C7F800663028 /* BookmarkPageView.swift */,
			);
			path = Bookmark;
			sourceTree = "<group>";
		};
		0408313C2BE4C77C00663028 /* Profile */ = {
			isa = PBXGroup;
			children = (
				040831442BE4C80C00663028 /* ProfilePageView.swift */,
			);
			path = Profile;
			sourceTree = "<group>";
		};
		040831462BE4CB1B00663028 /* Helper */ = {
			isa = PBXGroup;
			children = (
				040831472BE4CB3500663028 /* CustomTabBar.swift */,
				040831492BE4E85900663028 /* TabBarButton.swift */,
			);
			path = Helper;
			sourceTree = "<group>";
		};
		040831602BE8E59100663028 /* Components */ = {
			isa = PBXGroup;
			children = (
				040831612BE8E63D00663028 /* DiscoverNewLocalStories.swift */,
				040831632BE8E79800663028 /* FavoriteStories.swift */,
			);
			path = Components;
			sourceTree = "<group>";
		};
		040831782BEF254800663028 /* Data */ = {
			isa = PBXGroup;
			children = (
				040831792BEF256000663028 /* Remote */,
			);
			path = Data;
			sourceTree = "<group>";
		};
		040831792BEF256000663028 /* Remote */ = {
			isa = PBXGroup;
			children = (
				0408317C2BEF264300663028 /* Endpoint.swift */,
				040831842BEF2BC500663028 /* URLSession.swift */,
				040831862BEF2C9C00663028 /* Interceptor.swift */,
			);
			path = Remote;
			sourceTree = "<group>";
		};
		0408318C2BF0A93600663028 /* Explore */ = {
			isa = PBXGroup;
			children = (
				0408318F2BF0AA0100663028 /* ExplorePageView.swift */,
				040831912BF0AB5100663028 /* ExplorePageViewModel.swift */,
				040831952BF0AEC800663028 /* Components */,
			);
			path = Explore;
			sourceTree = "<group>";
		};
		040831952BF0AEC800663028 /* Components */ = {
			isa = PBXGroup;
			children = (
				040831962BF0AEF100663028 /* ExploreStoriesGrid.swift */,
			);
			path = Components;
			sourceTree = "<group>";
		};
		040831982BF0B39300663028 /* Detail */ = {
			isa = PBXGroup;
			children = (
				0408319A2BF0B3C600663028 /* DetailPageView.swift */,
				0408319C2BF0B85F00663028 /* DetailPageViewModel.swift */,
			);
			path = Detail;
			sourceTree = "<group>";
		};
/* End PBXGroup section */

/* Begin PBXNativeTarget section */
		040830F52BE4B02B00663028 /* KisahLoka */ = {
			isa = PBXNativeTarget;
			buildConfigurationList = 0408311A2BE4B02D00663028 /* Build configuration list for PBXNativeTarget "KisahLoka" */;
			buildPhases = (
				040830F22BE4B02B00663028 /* Sources */,
				040830F32BE4B02B00663028 /* Frameworks */,
				040830F42BE4B02B00663028 /* Resources */,
			);
			buildRules = (
			);
			dependencies = (
			);
			name = KisahLoka;
			packageProductDependencies = (
				040831682BEE047F00663028 /* FirebaseAnalytics */,
				0408316A2BEE047F00663028 /* FirebaseAuth */,
				0408316C2BEE047F00663028 /* FirebaseCrashlytics */,
				0408316E2BEE047F00663028 /* FirebaseDynamicLinks */,
				040831702BEE047F00663028 /* FirebaseFirestore */,
				040831722BEE047F00663028 /* FirebaseMessaging */,
				040831742BEE047F00663028 /* FirebaseStorage */,
			);
			productName = KisahLoka;
			productReference = 040830F62BE4B02B00663028 /* KisahLoka.app */;
			productType = "com.apple.product-type.application";
		};
		040831052BE4B02D00663028 /* KisahLokaTests */ = {
			isa = PBXNativeTarget;
			buildConfigurationList = 0408311D2BE4B02D00663028 /* Build configuration list for PBXNativeTarget "KisahLokaTests" */;
			buildPhases = (
				040831022BE4B02D00663028 /* Sources */,
				040831032BE4B02D00663028 /* Frameworks */,
				040831042BE4B02D00663028 /* Resources */,
			);
			buildRules = (
			);
			dependencies = (
				040831082BE4B02D00663028 /* PBXTargetDependency */,
			);
			name = KisahLokaTests;
			productName = KisahLokaTests;
			productReference = 040831062BE4B02D00663028 /* KisahLokaTests.xctest */;
			productType = "com.apple.product-type.bundle.unit-test";
		};
		0408310F2BE4B02D00663028 /* KisahLokaUITests */ = {
			isa = PBXNativeTarget;
			buildConfigurationList = 040831202BE4B02D00663028 /* Build configuration list for PBXNativeTarget "KisahLokaUITests" */;
			buildPhases = (
				0408310C2BE4B02D00663028 /* Sources */,
				0408310D2BE4B02D00663028 /* Frameworks */,
				0408310E2BE4B02D00663028 /* Resources */,
			);
			buildRules = (
			);
			dependencies = (
				040831122BE4B02D00663028 /* PBXTargetDependency */,
			);
			name = KisahLokaUITests;
			productName = KisahLokaUITests;
			productReference = 040831102BE4B02D00663028 /* KisahLokaUITests.xctest */;
			productType = "com.apple.product-type.bundle.ui-testing";
		};
/* End PBXNativeTarget section */

/* Begin PBXProject section */
		040830EE2BE4B02B00663028 /* Project object */ = {
			isa = PBXProject;
			attributes = {
				BuildIndependentTargetsInParallel = 1;
				LastSwiftUpdateCheck = 1530;
				LastUpgradeCheck = 1530;
				TargetAttributes = {
					040830F52BE4B02B00663028 = {
						CreatedOnToolsVersion = 15.3;
					};
					040831052BE4B02D00663028 = {
						CreatedOnToolsVersion = 15.3;
						TestTargetID = 040830F52BE4B02B00663028;
					};
					0408310F2BE4B02D00663028 = {
						CreatedOnToolsVersion = 15.3;
						TestTargetID = 040830F52BE4B02B00663028;
					};
				};
			};
			buildConfigurationList = 040830F12BE4B02B00663028 /* Build configuration list for PBXProject "KisahLoka" */;
			compatibilityVersion = "Xcode 14.0";
			developmentRegion = en;
			hasScannedForEncodings = 0;
			knownRegions = (
				en,
				Base,
			);
			mainGroup = 040830ED2BE4B02B00663028;
			packageReferences = (
				040831672BEE047F00663028 /* XCRemoteSwiftPackageReference "firebase-ios-sdk" */,
			);
			productRefGroup = 040830F72BE4B02B00663028 /* Products */;
			projectDirPath = "";
			projectRoot = "";
			targets = (
				040830F52BE4B02B00663028 /* KisahLoka */,
				040831052BE4B02D00663028 /* KisahLokaTests */,
				0408310F2BE4B02D00663028 /* KisahLokaUITests */,
			);
		};
/* End PBXProject section */

/* Begin PBXResourcesBuildPhase section */
		040830F42BE4B02B00663028 /* Resources */ = {
			isa = PBXResourcesBuildPhase;
			buildActionMask = 2147483647;
			files = (
				040831012BE4B02C00663028 /* Preview Assets.xcassets in Resources */,
				040831332BE4C25900663028 /* Poppins-Light.ttf in Resources */,
				040831662BEE035800663028 /* GoogleService-Info.plist in Resources */,
				040831342BE4C25900663028 /* Poppins-Regular.ttf in Resources */,
				040831312BE4C25900663028 /* Poppins-Medium.ttf in Resources */,
				040831322BE4C25900663028 /* Poppins-Bold.ttf in Resources */,
				040831352BE4C25900663028 /* Poppins-SemiBold.ttf in Resources */,
				040831302BE4C25900663028 /* Poppins-ExtraBold.ttf in Resources */,
				040830FE2BE4B02C00663028 /* Assets.xcassets in Resources */,
			);
			runOnlyForDeploymentPostprocessing = 0;
		};
		040831042BE4B02D00663028 /* Resources */ = {
			isa = PBXResourcesBuildPhase;
			buildActionMask = 2147483647;
			files = (
			);
			runOnlyForDeploymentPostprocessing = 0;
		};
		0408310E2BE4B02D00663028 /* Resources */ = {
			isa = PBXResourcesBuildPhase;
			buildActionMask = 2147483647;
			files = (
			);
			runOnlyForDeploymentPostprocessing = 0;
		};
/* End PBXResourcesBuildPhase section */

/* Begin PBXSourcesBuildPhase section */
		040830F22BE4B02B00663028 /* Sources */ = {
			isa = PBXSourcesBuildPhase;
			buildActionMask = 2147483647;
			files = (
				040830FC2BE4B02B00663028 /* ContentView.swift in Sources */,
				040831922BF0AB5100663028 /* ExplorePageViewModel.swift in Sources */,
				0408314C2BE5F2CB00663028 /* TextStyles.swift in Sources */,
				040830FA2BE4B02B00663028 /* KisahLokaApp.swift in Sources */,
				0408317D2BEF264300663028 /* Endpoint.swift in Sources */,
				040831942BF0AD9600663028 /* Explore.swift in Sources */,
				040831452BE4C80C00663028 /* ProfilePageView.swift in Sources */,
				040831482BE4CB3500663028 /* CustomTabBar.swift in Sources */,
				040831832BEF2A8300663028 /* Meta.swift in Sources */,
				0408314A2BE4E85900663028 /* TabBarButton.swift in Sources */,
				0408319B2BF0B3C600663028 /* DetailPageView.swift in Sources */,
				040831852BEF2BC500663028 /* URLSession.swift in Sources */,
				040831892BEF2DEB00663028 /* Type.swift in Sources */,
				040831902BF0AA0100663028 /* ExplorePageView.swift in Sources */,
				040831872BEF2C9C00663028 /* Interceptor.swift in Sources */,
				0408317F2BEF2A0E00663028 /* Response.swift in Sources */,
				040831972BF0AEF100663028 /* ExploreStoriesGrid.swift in Sources */,
				0408318B2BEF592B00663028 /* Home.swift in Sources */,
				040831282BE4BC8200663028 /* Color.swift in Sources */,
				0408315F2BE8D95F00663028 /* HomePageViewModel.swift in Sources */,
				0408319D2BF0B86000663028 /* DetailPageViewModel.swift in Sources */,
				040831432BE4C7F800663028 /* BookmarkPageView.swift in Sources */,
				0408313E2BE4C7C100663028 /* HomePageView.swift in Sources */,
				040831622BE8E63D00663028 /* DiscoverNewLocalStories.swift in Sources */,
				0408315D2BE8D52E00663028 /* Story.swift in Sources */,
				040831642BE8E79800663028 /* FavoriteStories.swift in Sources */,
			);
			runOnlyForDeploymentPostprocessing = 0;
		};
		040831022BE4B02D00663028 /* Sources */ = {
			isa = PBXSourcesBuildPhase;
			buildActionMask = 2147483647;
			files = (
				0408310B2BE4B02D00663028 /* KisahLokaTests.swift in Sources */,
			);
			runOnlyForDeploymentPostprocessing = 0;
		};
		0408310C2BE4B02D00663028 /* Sources */ = {
			isa = PBXSourcesBuildPhase;
			buildActionMask = 2147483647;
			files = (
				040831172BE4B02D00663028 /* KisahLokaUITestsLaunchTests.swift in Sources */,
				040831152BE4B02D00663028 /* KisahLokaUITests.swift in Sources */,
			);
			runOnlyForDeploymentPostprocessing = 0;
		};
/* End PBXSourcesBuildPhase section */

/* Begin PBXTargetDependency section */
		040831082BE4B02D00663028 /* PBXTargetDependency */ = {
			isa = PBXTargetDependency;
			target = 040830F52BE4B02B00663028 /* KisahLoka */;
			targetProxy = 040831072BE4B02D00663028 /* PBXContainerItemProxy */;
		};
		040831122BE4B02D00663028 /* PBXTargetDependency */ = {
			isa = PBXTargetDependency;
			target = 040830F52BE4B02B00663028 /* KisahLoka */;
			targetProxy = 040831112BE4B02D00663028 /* PBXContainerItemProxy */;
		};
/* End PBXTargetDependency section */

/* Begin XCBuildConfiguration section */
		040831182BE4B02D00663028 /* Debug */ = {
			isa = XCBuildConfiguration;
			buildSettings = {
				ALWAYS_SEARCH_USER_PATHS = NO;
				ASSETCATALOG_COMPILER_GENERATE_SWIFT_ASSET_SYMBOL_EXTENSIONS = YES;
				CLANG_ANALYZER_NONNULL = YES;
				CLANG_ANALYZER_NUMBER_OBJECT_CONVERSION = YES_AGGRESSIVE;
				CLANG_CXX_LANGUAGE_STANDARD = "gnu++20";
				CLANG_ENABLE_MODULES = YES;
				CLANG_ENABLE_OBJC_ARC = YES;
				CLANG_ENABLE_OBJC_WEAK = YES;
				CLANG_WARN_BLOCK_CAPTURE_AUTORELEASING = YES;
				CLANG_WARN_BOOL_CONVERSION = YES;
				CLANG_WARN_COMMA = YES;
				CLANG_WARN_CONSTANT_CONVERSION = YES;
				CLANG_WARN_DEPRECATED_OBJC_IMPLEMENTATIONS = YES;
				CLANG_WARN_DIRECT_OBJC_ISA_USAGE = YES_ERROR;
				CLANG_WARN_DOCUMENTATION_COMMENTS = YES;
				CLANG_WARN_EMPTY_BODY = YES;
				CLANG_WARN_ENUM_CONVERSION = YES;
				CLANG_WARN_INFINITE_RECURSION = YES;
				CLANG_WARN_INT_CONVERSION = YES;
				CLANG_WARN_NON_LITERAL_NULL_CONVERSION = YES;
				CLANG_WARN_OBJC_IMPLICIT_RETAIN_SELF = YES;
				CLANG_WARN_OBJC_LITERAL_CONVERSION = YES;
				CLANG_WARN_OBJC_ROOT_CLASS = YES_ERROR;
				CLANG_WARN_QUOTED_INCLUDE_IN_FRAMEWORK_HEADER = YES;
				CLANG_WARN_RANGE_LOOP_ANALYSIS = YES;
				CLANG_WARN_STRICT_PROTOTYPES = YES;
				CLANG_WARN_SUSPICIOUS_MOVE = YES;
				CLANG_WARN_UNGUARDED_AVAILABILITY = YES_AGGRESSIVE;
				CLANG_WARN_UNREACHABLE_CODE = YES;
				CLANG_WARN__DUPLICATE_METHOD_MATCH = YES;
				COPY_PHASE_STRIP = NO;
				DEBUG_INFORMATION_FORMAT = dwarf;
				ENABLE_STRICT_OBJC_MSGSEND = YES;
				ENABLE_TESTABILITY = YES;
				ENABLE_USER_SCRIPT_SANDBOXING = YES;
				GCC_C_LANGUAGE_STANDARD = gnu17;
				GCC_DYNAMIC_NO_PIC = NO;
				GCC_NO_COMMON_BLOCKS = YES;
				GCC_OPTIMIZATION_LEVEL = 0;
				GCC_PREPROCESSOR_DEFINITIONS = (
					"DEBUG=1",
					"$(inherited)",
				);
				GCC_WARN_64_TO_32_BIT_CONVERSION = YES;
				GCC_WARN_ABOUT_RETURN_TYPE = YES_ERROR;
				GCC_WARN_UNDECLARED_SELECTOR = YES;
				GCC_WARN_UNINITIALIZED_AUTOS = YES_AGGRESSIVE;
				GCC_WARN_UNUSED_FUNCTION = YES;
				GCC_WARN_UNUSED_VARIABLE = YES;
				IPHONEOS_DEPLOYMENT_TARGET = 17.4;
				LOCALIZATION_PREFERS_STRING_CATALOGS = YES;
				MTL_ENABLE_DEBUG_INFO = INCLUDE_SOURCE;
				MTL_FAST_MATH = YES;
				ONLY_ACTIVE_ARCH = YES;
				SDKROOT = iphoneos;
				SWIFT_ACTIVE_COMPILATION_CONDITIONS = "DEBUG $(inherited)";
				SWIFT_OPTIMIZATION_LEVEL = "-Onone";
			};
			name = Debug;
		};
		040831192BE4B02D00663028 /* Release */ = {
			isa = XCBuildConfiguration;
			buildSettings = {
				ALWAYS_SEARCH_USER_PATHS = NO;
				ASSETCATALOG_COMPILER_GENERATE_SWIFT_ASSET_SYMBOL_EXTENSIONS = YES;
				CLANG_ANALYZER_NONNULL = YES;
				CLANG_ANALYZER_NUMBER_OBJECT_CONVERSION = YES_AGGRESSIVE;
				CLANG_CXX_LANGUAGE_STANDARD = "gnu++20";
				CLANG_ENABLE_MODULES = YES;
				CLANG_ENABLE_OBJC_ARC = YES;
				CLANG_ENABLE_OBJC_WEAK = YES;
				CLANG_WARN_BLOCK_CAPTURE_AUTORELEASING = YES;
				CLANG_WARN_BOOL_CONVERSION = YES;
				CLANG_WARN_COMMA = YES;
				CLANG_WARN_CONSTANT_CONVERSION = YES;
				CLANG_WARN_DEPRECATED_OBJC_IMPLEMENTATIONS = YES;
				CLANG_WARN_DIRECT_OBJC_ISA_USAGE = YES_ERROR;
				CLANG_WARN_DOCUMENTATION_COMMENTS = YES;
				CLANG_WARN_EMPTY_BODY = YES;
				CLANG_WARN_ENUM_CONVERSION = YES;
				CLANG_WARN_INFINITE_RECURSION = YES;
				CLANG_WARN_INT_CONVERSION = YES;
				CLANG_WARN_NON_LITERAL_NULL_CONVERSION = YES;
				CLANG_WARN_OBJC_IMPLICIT_RETAIN_SELF = YES;
				CLANG_WARN_OBJC_LITERAL_CONVERSION = YES;
				CLANG_WARN_OBJC_ROOT_CLASS = YES_ERROR;
				CLANG_WARN_QUOTED_INCLUDE_IN_FRAMEWORK_HEADER = YES;
				CLANG_WARN_RANGE_LOOP_ANALYSIS = YES;
				CLANG_WARN_STRICT_PROTOTYPES = YES;
				CLANG_WARN_SUSPICIOUS_MOVE = YES;
				CLANG_WARN_UNGUARDED_AVAILABILITY = YES_AGGRESSIVE;
				CLANG_WARN_UNREACHABLE_CODE = YES;
				CLANG_WARN__DUPLICATE_METHOD_MATCH = YES;
				COPY_PHASE_STRIP = NO;
				DEBUG_INFORMATION_FORMAT = "dwarf-with-dsym";
				ENABLE_NS_ASSERTIONS = NO;
				ENABLE_STRICT_OBJC_MSGSEND = YES;
				ENABLE_USER_SCRIPT_SANDBOXING = YES;
				GCC_C_LANGUAGE_STANDARD = gnu17;
				GCC_NO_COMMON_BLOCKS = YES;
				GCC_WARN_64_TO_32_BIT_CONVERSION = YES;
				GCC_WARN_ABOUT_RETURN_TYPE = YES_ERROR;
				GCC_WARN_UNDECLARED_SELECTOR = YES;
				GCC_WARN_UNINITIALIZED_AUTOS = YES_AGGRESSIVE;
				GCC_WARN_UNUSED_FUNCTION = YES;
				GCC_WARN_UNUSED_VARIABLE = YES;
				IPHONEOS_DEPLOYMENT_TARGET = 17.4;
				LOCALIZATION_PREFERS_STRING_CATALOGS = YES;
				MTL_ENABLE_DEBUG_INFO = NO;
				MTL_FAST_MATH = YES;
				SDKROOT = iphoneos;
				SWIFT_COMPILATION_MODE = wholemodule;
				VALIDATE_PRODUCT = YES;
			};
			name = Release;
		};
		0408311B2BE4B02D00663028 /* Debug */ = {
			isa = XCBuildConfiguration;
			buildSettings = {
				ASSETCATALOG_COMPILER_APPICON_NAME = AppIcon;
				ASSETCATALOG_COMPILER_GLOBAL_ACCENT_COLOR_NAME = AccentColor;
				CODE_SIGN_STYLE = Automatic;
				CURRENT_PROJECT_VERSION = 1;
				DEVELOPMENT_ASSET_PATHS = "\"KisahLoka/Preview Content\"";
				DEVELOPMENT_TEAM = LGQ9K24DNA;
				ENABLE_PREVIEWS = YES;
				GENERATE_INFOPLIST_FILE = YES;
				INFOPLIST_FILE = KisahLoka/Info.plist;
				INFOPLIST_KEY_UIApplicationSceneManifest_Generation = YES;
				INFOPLIST_KEY_UIApplicationSupportsIndirectInputEvents = YES;
				INFOPLIST_KEY_UILaunchScreen_Generation = YES;
				INFOPLIST_KEY_UISupportedInterfaceOrientations_iPad = "UIInterfaceOrientationPortrait UIInterfaceOrientationPortraitUpsideDown UIInterfaceOrientationLandscapeLeft UIInterfaceOrientationLandscapeRight";
				INFOPLIST_KEY_UISupportedInterfaceOrientations_iPhone = "UIInterfaceOrientationPortrait UIInterfaceOrientationLandscapeLeft UIInterfaceOrientationLandscapeRight";
				LD_RUNPATH_SEARCH_PATHS = (
					"$(inherited)",
					"@executable_path/Frameworks",
				);
				MARKETING_VERSION = 1.0;
				PRODUCT_BUNDLE_IDENTIFIER = com.adev.KisahLoka;
				PRODUCT_NAME = "$(TARGET_NAME)";
				SWIFT_EMIT_LOC_STRINGS = YES;
				SWIFT_VERSION = 5.0;
				TARGETED_DEVICE_FAMILY = "1,2";
			};
			name = Debug;
		};
		0408311C2BE4B02D00663028 /* Release */ = {
			isa = XCBuildConfiguration;
			buildSettings = {
				ASSETCATALOG_COMPILER_APPICON_NAME = AppIcon;
				ASSETCATALOG_COMPILER_GLOBAL_ACCENT_COLOR_NAME = AccentColor;
				CODE_SIGN_STYLE = Automatic;
				CURRENT_PROJECT_VERSION = 1;
				DEVELOPMENT_ASSET_PATHS = "\"KisahLoka/Preview Content\"";
				DEVELOPMENT_TEAM = LGQ9K24DNA;
				ENABLE_PREVIEWS = YES;
				GENERATE_INFOPLIST_FILE = YES;
				INFOPLIST_FILE = KisahLoka/Info.plist;
				INFOPLIST_KEY_UIApplicationSceneManifest_Generation = YES;
				INFOPLIST_KEY_UIApplicationSupportsIndirectInputEvents = YES;
				INFOPLIST_KEY_UILaunchScreen_Generation = YES;
				INFOPLIST_KEY_UISupportedInterfaceOrientations_iPad = "UIInterfaceOrientationPortrait UIInterfaceOrientationPortraitUpsideDown UIInterfaceOrientationLandscapeLeft UIInterfaceOrientationLandscapeRight";
				INFOPLIST_KEY_UISupportedInterfaceOrientations_iPhone = "UIInterfaceOrientationPortrait UIInterfaceOrientationLandscapeLeft UIInterfaceOrientationLandscapeRight";
				LD_RUNPATH_SEARCH_PATHS = (
					"$(inherited)",
					"@executable_path/Frameworks",
				);
				MARKETING_VERSION = 1.0;
				PRODUCT_BUNDLE_IDENTIFIER = com.adev.KisahLoka;
				PRODUCT_NAME = "$(TARGET_NAME)";
				SWIFT_EMIT_LOC_STRINGS = YES;
				SWIFT_VERSION = 5.0;
				TARGETED_DEVICE_FAMILY = "1,2";
			};
			name = Release;
		};
		0408311E2BE4B02D00663028 /* Debug */ = {
			isa = XCBuildConfiguration;
			buildSettings = {
				ALWAYS_EMBED_SWIFT_STANDARD_LIBRARIES = YES;
				BUNDLE_LOADER = "$(TEST_HOST)";
				CODE_SIGN_STYLE = Automatic;
				CURRENT_PROJECT_VERSION = 1;
				DEVELOPMENT_TEAM = LGQ9K24DNA;
				GENERATE_INFOPLIST_FILE = YES;
				IPHONEOS_DEPLOYMENT_TARGET = 17.4;
				MARKETING_VERSION = 1.0;
				PRODUCT_BUNDLE_IDENTIFIER = com.adev.KisahLokaTests;
				PRODUCT_NAME = "$(TARGET_NAME)";
				SWIFT_EMIT_LOC_STRINGS = NO;
				SWIFT_VERSION = 5.0;
				TARGETED_DEVICE_FAMILY = "1,2";
				TEST_HOST = "$(BUILT_PRODUCTS_DIR)/KisahLoka.app/$(BUNDLE_EXECUTABLE_FOLDER_PATH)/KisahLoka";
			};
			name = Debug;
		};
		0408311F2BE4B02D00663028 /* Release */ = {
			isa = XCBuildConfiguration;
			buildSettings = {
				ALWAYS_EMBED_SWIFT_STANDARD_LIBRARIES = YES;
				BUNDLE_LOADER = "$(TEST_HOST)";
				CODE_SIGN_STYLE = Automatic;
				CURRENT_PROJECT_VERSION = 1;
				DEVELOPMENT_TEAM = LGQ9K24DNA;
				GENERATE_INFOPLIST_FILE = YES;
				IPHONEOS_DEPLOYMENT_TARGET = 17.4;
				MARKETING_VERSION = 1.0;
				PRODUCT_BUNDLE_IDENTIFIER = com.adev.KisahLokaTests;
				PRODUCT_NAME = "$(TARGET_NAME)";
				SWIFT_EMIT_LOC_STRINGS = NO;
				SWIFT_VERSION = 5.0;
				TARGETED_DEVICE_FAMILY = "1,2";
				TEST_HOST = "$(BUILT_PRODUCTS_DIR)/KisahLoka.app/$(BUNDLE_EXECUTABLE_FOLDER_PATH)/KisahLoka";
			};
			name = Release;
		};
		040831212BE4B02D00663028 /* Debug */ = {
			isa = XCBuildConfiguration;
			buildSettings = {
				ALWAYS_EMBED_SWIFT_STANDARD_LIBRARIES = YES;
				CODE_SIGN_STYLE = Automatic;
				CURRENT_PROJECT_VERSION = 1;
				DEVELOPMENT_TEAM = LGQ9K24DNA;
				GENERATE_INFOPLIST_FILE = YES;
				MARKETING_VERSION = 1.0;
				PRODUCT_BUNDLE_IDENTIFIER = com.adev.KisahLokaUITests;
				PRODUCT_NAME = "$(TARGET_NAME)";
				SWIFT_EMIT_LOC_STRINGS = NO;
				SWIFT_VERSION = 5.0;
				TARGETED_DEVICE_FAMILY = "1,2";
				TEST_TARGET_NAME = KisahLoka;
			};
			name = Debug;
		};
		040831222BE4B02D00663028 /* Release */ = {
			isa = XCBuildConfiguration;
			buildSettings = {
				ALWAYS_EMBED_SWIFT_STANDARD_LIBRARIES = YES;
				CODE_SIGN_STYLE = Automatic;
				CURRENT_PROJECT_VERSION = 1;
				DEVELOPMENT_TEAM = LGQ9K24DNA;
				GENERATE_INFOPLIST_FILE = YES;
				MARKETING_VERSION = 1.0;
				PRODUCT_BUNDLE_IDENTIFIER = com.adev.KisahLokaUITests;
				PRODUCT_NAME = "$(TARGET_NAME)";
				SWIFT_EMIT_LOC_STRINGS = NO;
				SWIFT_VERSION = 5.0;
				TARGETED_DEVICE_FAMILY = "1,2";
				TEST_TARGET_NAME = KisahLoka;
			};
			name = Release;
		};
/* End XCBuildConfiguration section */

/* Begin XCConfigurationList section */
		040830F12BE4B02B00663028 /* Build configuration list for PBXProject "KisahLoka" */ = {
			isa = XCConfigurationList;
			buildConfigurations = (
				040831182BE4B02D00663028 /* Debug */,
				040831192BE4B02D00663028 /* Release */,
			);
			defaultConfigurationIsVisible = 0;
			defaultConfigurationName = Release;
		};
		0408311A2BE4B02D00663028 /* Build configuration list for PBXNativeTarget "KisahLoka" */ = {
			isa = XCConfigurationList;
			buildConfigurations = (
				0408311B2BE4B02D00663028 /* Debug */,
				0408311C2BE4B02D00663028 /* Release */,
			);
			defaultConfigurationIsVisible = 0;
			defaultConfigurationName = Release;
		};
		0408311D2BE4B02D00663028 /* Build configuration list for PBXNativeTarget "KisahLokaTests" */ = {
			isa = XCConfigurationList;
			buildConfigurations = (
				0408311E2BE4B02D00663028 /* Debug */,
				0408311F2BE4B02D00663028 /* Release */,
			);
			defaultConfigurationIsVisible = 0;
			defaultConfigurationName = Release;
		};
		040831202BE4B02D00663028 /* Build configuration list for PBXNativeTarget "KisahLokaUITests" */ = {
			isa = XCConfigurationList;
			buildConfigurations = (
				040831212BE4B02D00663028 /* Debug */,
				040831222BE4B02D00663028 /* Release */,
			);
			defaultConfigurationIsVisible = 0;
			defaultConfigurationName = Release;
		};
/* End XCConfigurationList section */

/* Begin XCRemoteSwiftPackageReference section */
		040831672BEE047F00663028 /* XCRemoteSwiftPackageReference "firebase-ios-sdk" */ = {
			isa = XCRemoteSwiftPackageReference;
			repositoryURL = "https://github.com/firebase/firebase-ios-sdk";
			requirement = {
				kind = upToNextMajorVersion;
				minimumVersion = 10.25.0;
			};
		};
/* End XCRemoteSwiftPackageReference section */

/* Begin XCSwiftPackageProductDependency section */
		040831682BEE047F00663028 /* FirebaseAnalytics */ = {
			isa = XCSwiftPackageProductDependency;
			package = 040831672BEE047F00663028 /* XCRemoteSwiftPackageReference "firebase-ios-sdk" */;
			productName = FirebaseAnalytics;
		};
		0408316A2BEE047F00663028 /* FirebaseAuth */ = {
			isa = XCSwiftPackageProductDependency;
			package = 040831672BEE047F00663028 /* XCRemoteSwiftPackageReference "firebase-ios-sdk" */;
			productName = FirebaseAuth;
		};
		0408316C2BEE047F00663028 /* FirebaseCrashlytics */ = {
			isa = XCSwiftPackageProductDependency;
			package = 040831672BEE047F00663028 /* XCRemoteSwiftPackageReference "firebase-ios-sdk" */;
			productName = FirebaseCrashlytics;
		};
		0408316E2BEE047F00663028 /* FirebaseDynamicLinks */ = {
			isa = XCSwiftPackageProductDependency;
			package = 040831672BEE047F00663028 /* XCRemoteSwiftPackageReference "firebase-ios-sdk" */;
			productName = FirebaseDynamicLinks;
		};
		040831702BEE047F00663028 /* FirebaseFirestore */ = {
			isa = XCSwiftPackageProductDependency;
			package = 040831672BEE047F00663028 /* XCRemoteSwiftPackageReference "firebase-ios-sdk" */;
			productName = FirebaseFirestore;
		};
		040831722BEE047F00663028 /* FirebaseMessaging */ = {
			isa = XCSwiftPackageProductDependency;
			package = 040831672BEE047F00663028 /* XCRemoteSwiftPackageReference "firebase-ios-sdk" */;
			productName = FirebaseMessaging;
		};
		040831742BEE047F00663028 /* FirebaseStorage */ = {
			isa = XCSwiftPackageProductDependency;
			package = 040831672BEE047F00663028 /* XCRemoteSwiftPackageReference "firebase-ios-sdk" */;
			productName = FirebaseStorage;
		};
/* End XCSwiftPackageProductDependency section */
	};
	rootObject = 040830EE2BE4B02B00663028 /* Project object */;
}
